
Microsoft Visual Studio Solution File, Format Version 12.00
# Visual Studio 14
VisualStudioVersion = 14.0.25420.1
MinimumVisualStudioVersion = 10.0.40219.1
Project("{FAE04EC0-301F-11D3-BF4B-00C04F79EFBC}") = "tcp-moe-server", "tcp-moe-server\tcp-moe-server.csproj", "{A361BEE5-CFA2-4EE0-9B9C-203360A6E8D0}"
EndProject
Project("{FAE04EC0-301F-11D3-BF4B-00C04F79EFBC}") = "tcp-moe-client", "tcp-moe-client\tcp-moe-client.csproj", "{A7A1E004-B24F-4FFC-B5A0-CD8E399D6FDB}"
EndProject
Global
	GlobalSection(SolutionConfigurationPlatforms) = preSolution
		Debug|Any CPU = Debug|Any CPU
		Release|Any CPU = Release|Any CPU
	EndGlobalSection
	GlobalSection(ProjectConfigurationPlatforms) = postSolution
		{A361BEE5-CFA2-4EE0-9B9C-203360A6E8D0}.Debug|Any CPU.ActiveCfg = Debug|Any CPU
		{A361BEE5-CFA2-4EE0-9B9C-203360A6E8D0}.Debug|Any CPU.Build.0 = Debug|Any CPU
		{A361BEE5-CFA2-4EE0-9B9C-203360A6E8D0}.Release|Any CPU.ActiveCfg = Release|Any CPU
		{A361BEE5-CFA2-4EE0-9B9C-203360A6E8D0}.Release|Any CPU.Build.0 = Release|Any CPU
		{A7A1E004-B24F-4FFC-B5A0-CD8E399D6FDB}.Debug|Any CPU.ActiveCfg = Debug|Any CPU
		{A7A1E004-B24F-4FFC-B5A0-CD8E399D6FDB}.Debug|Any CPU.Build.0 = Debug|Any CPU
		{A7A1E004-B24F-4FFC-B5A0-CD8E399D6FDB}.Release|Any CPU.ActiveCfg = Release|Any CPU
		{A7A1E004-B24F-4FFC-B5A0-CD8E399D6FDB}.Release|Any CPU.Build.0 = Release|Any CPU
	EndGlobalSection
	GlobalSection(SolutionProperties) = preSolution
		HideSolutionNode = FALSE
	EndGlobalSection
EndGlobal
